// !$*UTF8*$!
{
	archiveVersion = 1;
	classes = {
	};
	objectVersion = 50;
	objects = {

/* Begin PBXBuildFile section */
		32EFD71022A2D2B9008D7801 /* AppDelegate.m in Sources */ = {isa = PBXBuildFile; fileRef = 32EFD70F22A2D2B9008D7801 /* AppDelegate.m */; };
		32EFD71322A2D2B9008D7801 /* FirstScreenViewController.m in Sources */ = {isa = PBXBuildFile; fileRef = 32EFD71222A2D2B9008D7801 /* FirstScreenViewController.m */; };
		32EFD71622A2D2B9008D7801 /* Main.storyboard in Resources */ = {isa = PBXBuildFile; fileRef = 32EFD71422A2D2B9008D7801 /* Main.storyboard */; };
		32EFD71822A2D2BA008D7801 /* Assets.xcassets in Resources */ = {isa = PBXBuildFile; fileRef = 32EFD71722A2D2BA008D7801 /* Assets.xcassets */; };
		32EFD71B22A2D2BA008D7801 /* LaunchScreen.storyboard in Resources */ = {isa = PBXBuildFile; fileRef = 32EFD71922A2D2BA008D7801 /* LaunchScreen.storyboard */; };
		32EFD71E22A2D2BA008D7801 /* main.m in Sources */ = {isa = PBXBuildFile; fileRef = 32EFD71D22A2D2BA008D7801 /* main.m */; };
		32EFD73122A2DFDA008D7801 /* MainNavigationController.m in Sources */ = {isa = PBXBuildFile; fileRef = 32EFD73022A2DFDA008D7801 /* MainNavigationController.m */; };
		32EFD73422A2E057008D7801 /* SecondScreenViewController.m in Sources */ = {isa = PBXBuildFile; fileRef = 32EFD73322A2E057008D7801 /* SecondScreenViewController.m */; };
/* End PBXBuildFile section */

/* Begin PBXFileReference section */
		32EFD70B22A2D2B9008D7801 /* image gallery.app */ = {isa = PBXFileReference; explicitFileType = wrapper.application; includeInIndex = 0; path = "image gallery.app"; sourceTree = BUILT_PRODUCTS_DIR; };
		32EFD70E22A2D2B9008D7801 /* AppDelegate.h */ = {isa = PBXFileReference; lastKnownFileType = sourcecode.c.h; path = AppDelegate.h; sourceTree = "<group>"; };
		32EFD70F22A2D2B9008D7801 /* AppDelegate.m */ = {isa = PBXFileReference; lastKnownFileType = sourcecode.c.objc; path = AppDelegate.m; sourceTree = "<group>"; };
		32EFD71122A2D2B9008D7801 /* FirstScreenViewController.h */ = {isa = PBXFileReference; lastKnownFileType = sourcecode.c.h; path = FirstScreenViewController.h; sourceTree = "<group>"; };
		32EFD71222A2D2B9008D7801 /* FirstScreenViewController.m */ = {isa = PBXFileReference; lastKnownFileType = sourcecode.c.objc; path = FirstScreenViewController.m; sourceTree = "<group>"; };
		32EFD71522A2D2B9008D7801 /* Base */ = {isa = PBXFileReference; lastKnownFileType = file.storyboard; name = Base; path = Base.lproj/Main.storyboard; sourceTree = "<group>"; };
		32EFD71722A2D2BA008D7801 /* Assets.xcassets */ = {isa = PBXFileReference; lastKnownFileType = folder.assetcatalog; path = Assets.xcassets; sourceTree = "<group>"; };
		32EFD71A22A2D2BA008D7801 /* Base */ = {isa = PBXFileReference; lastKnownFileType = file.storyboard; name = Base; path = Base.lproj/LaunchScreen.storyboard; sourceTree = "<group>"; };
		32EFD71C22A2D2BA008D7801 /* Info.plist */ = {isa = PBXFileReference; lastKnownFileType = text.plist.xml; path = Info.plist; sourceTree = "<group>"; };
		32EFD71D22A2D2BA008D7801 /* main.m */ = {isa = PBXFileReference; lastKnownFileType = sourcecode.c.objc; path = main.m; sourceTree = "<group>"; };
		32EFD72F22A2DFDA008D7801 /* MainNavigationController.h */ = {isa = PBXFileReference; lastKnownFileType = sourcecode.c.h; path = MainNavigationController.h; sourceTree = "<group>"; };
		32EFD73022A2DFDA008D7801 /* MainNavigationController.m */ = {isa = PBXFileReference; lastKnownFileType = sourcecode.c.objc; path = MainNavigationController.m; sourceTree = "<group>"; };
		32EFD73222A2E057008D7801 /* SecondScreenViewController.h */ = {isa = PBXFileReference; lastKnownFileType = sourcecode.c.h; path = SecondScreenViewController.h; sourceTree = "<group>"; };
		32EFD73322A2E057008D7801 /* SecondScreenViewController.m */ = {isa = PBXFileReference; lastKnownFileType = sourcecode.c.objc; path = SecondScreenViewController.m; sourceTree = "<group>"; };
/* End PBXFileReference section */

/* Begin PBXFrameworksBuildPhase section */
		32EFD70822A2D2B9008D7801 /* Frameworks */ = {
			isa = PBXFrameworksBuildPhase;
			buildActionMask = 2147483647;
			files = (
			);
			runOnlyForDeploymentPostprocessing = 0;
		};
/* End PBXFrameworksBuildPhase section */

/* Begin PBXGroup section */
		321C7DF522A409EC00EC1F9A /* view-controllers */ = {
			isa = PBXGroup;
			children = (
				32EFD72F22A2DFDA008D7801 /* MainNavigationController.h */,
				32EFD73022A2DFDA008D7801 /* MainNavigationController.m */,
				32EFD71122A2D2B9008D7801 /* FirstScreenViewController.h */,
				32EFD71222A2D2B9008D7801 /* FirstScreenViewController.m */,
				32EFD73222A2E057008D7801 /* SecondScreenViewController.h */,
				32EFD73322A2E057008D7801 /* SecondScreenViewController.m */,
			);
			path = "view-controllers";
			sourceTree = "<group>";
		};
		32EFD70222A2D2B9008D7801 = {
			isa = PBXGroup;
			children = (
				32EFD70D22A2D2B9008D7801 /* image gallery */,
				32EFD70C22A2D2B9008D7801 /* Products */,
			);
			sourceTree = "<group>";
		};
		32EFD70C22A2D2B9008D7801 /* Products */ = {
			isa = PBXGroup;
			children = (
				32EFD70B22A2D2B9008D7801 /* image gallery.app */,
			);
			name = Products;
			sourceTree = "<group>";
		};
		32EFD70D22A2D2B9008D7801 /* image gallery */ = {
			isa = PBXGroup;
			children = (
				321C7DF522A409EC00EC1F9A /* view-controllers */,
				32EFD70E22A2D2B9008D7801 /* AppDelegate.h */,
				32EFD70F22A2D2B9008D7801 /* AppDelegate.m */,
				32EFD71422A2D2B9008D7801 /* Main.storyboard */,
				32EFD71722A2D2BA008D7801 /* Assets.xcassets */,
				32EFD71922A2D2BA008D7801 /* LaunchScreen.storyboard */,
				32EFD71C22A2D2BA008D7801 /* Info.plist */,
				32EFD71D22A2D2BA008D7801 /* main.m */,
			);
			path = "image gallery";
			sourceTree = "<group>";
		};
/* End PBXGroup section */

/* Begin PBXNativeTarget section */
		32EFD70A22A2D2B9008D7801 /* image gallery */ = {
			isa = PBXNativeTarget;
			buildConfigurationList = 32EFD72122A2D2BA008D7801 /* Build configuration list for PBXNativeTarget "image gallery" */;
			buildPhases = (
				32EFD70722A2D2B9008D7801 /* Sources */,
				32EFD70822A2D2B9008D7801 /* Frameworks */,
				32EFD70922A2D2B9008D7801 /* Resources */,
			);
			buildRules = (
			);
			dependencies = (
			);
			name = "image gallery";
			productName = "image gallery";
			productReference = 32EFD70B22A2D2B9008D7801 /* image gallery.app */;
			productType = "com.apple.product-type.application";
		};
/* End PBXNativeTarget section */

/* Begin PBXProject section */
		32EFD70322A2D2B9008D7801 /* Project object */ = {
			isa = PBXProject;
			attributes = {
				LastUpgradeCheck = 1020;
				ORGANIZATIONNAME = "Фёдор Морев";
				TargetAttributes = {
					32EFD70A22A2D2B9008D7801 = {
						CreatedOnToolsVersion = 10.2.1;
					};
				};
			};
			buildConfigurationList = 32EFD70622A2D2B9008D7801 /* Build configuration list for PBXProject "image gallery" */;
			compatibilityVersion = "Xcode 9.3";
			developmentRegion = en;
			hasScannedForEncodings = 0;
			knownRegions = (
				en,
				Base,
			);
			mainGroup = 32EFD70222A2D2B9008D7801;
			productRefGroup = 32EFD70C22A2D2B9008D7801 /* Products */;
			projectDirPath = "";
			projectRoot = "";
			targets = (
				32EFD70A22A2D2B9008D7801 /* image gallery */,
			);
		};
/* End PBXProject section */

/* Begin PBXResourcesBuildPhase section */
		32EFD70922A2D2B9008D7801 /* Resources */ = {
			isa = PBXResourcesBuildPhase;
			buildActionMask = 2147483647;
			files = (
				32EFD71B22A2D2BA008D7801 /* LaunchScreen.storyboard in Resources */,
				32EFD71822A2D2BA008D7801 /* Assets.xcassets in Resources */,
				32EFD71622A2D2B9008D7801 /* Main.storyboard in Resources */,
			);
			runOnlyForDeploymentPostprocessing = 0;
		};
/* End PBXResourcesBuildPhase section */

/* Begin PBXSourcesBuildPhase section */
		32EFD70722A2D2B9008D7801 /* Sources */ = {
			isa = PBXSourcesBuildPhase;
			buildActionMask = 2147483647;
			files = (
				32EFD71322A2D2B9008D7801 /* FirstScreenViewController.m in Sources */,
				32EFD71E22A2D2BA008D7801 /* main.m in Sources */,
				32EFD73422A2E057008D7801 /* SecondScreenViewController.m in Sources */,
				32EFD73122A2DFDA008D7801 /* MainNavigationController.m in Sources */,
				32EFD71022A2D2B9008D7801 /* AppDelegate.m in Sources */,
			);
			runOnlyForDeploymentPostprocessing = 0;
		};
/* End PBXSourcesBuildPhase section */

/* Begin PBXVariantGroup section */
		32EFD71422A2D2B9008D7801 /* Main.storyboard */ = {
			isa = PBXVariantGroup;
			children = (
				32EFD71522A2D2B9008D7801 /* Base */,
			);
			name = Main.storyboard;
			sourceTree = "<group>";
		};
		32EFD71922A2D2BA008D7801 /* LaunchScreen.storyboard */ = {
			isa = PBXVariantGroup;
			children = (
				32EFD71A22A2D2BA008D7801 /* Base */,
			);
			name = LaunchScreen.storyboard;
			sourceTree = "<group>";
		};
/* End PBXVariantGroup section */

/* Begin XCBuildConfiguration section */
		32EFD71F22A2D2BA008D7801 /* Debug */ = {
			isa = XCBuildConfiguration;
			buildSettings = {
				ALWAYS_SEARCH_USER_PATHS = NO;
				CLANG_ANALYZER_NONNULL = YES;
				CLANG_ANALYZER_NUMBER_OBJECT_CONVERSION = YES_AGGRESSIVE;
				CLANG_CXX_LANGUAGE_STANDARD = "gnu++14";
				CLANG_CXX_LIBRARY = "libc++";
				CLANG_ENABLE_MODULES = YES;
				CLANG_ENABLE_OBJC_ARC = YES;
				CLANG_ENABLE_OBJC_WEAK = YES;
				CLANG_WARN_BLOCK_CAPTURE_AUTORELEASING = YES;
				CLANG_WARN_BOOL_CONVERSION = YES;
				CLANG_WARN_COMMA = YES;
				CLANG_WARN_CONSTANT_CONVERSION = YES;
				CLANG_WARN_DEPRECATED_OBJC_IMPLEMENTATIONS = YES;
				CLANG_WARN_DIRECT_OBJC_ISA_USAGE = YES_ERROR;
				CLANG_WARN_DOCUMENTATION_COMMENTS = YES;
				CLANG_WARN_EMPTY_BODY = YES;
				CLANG_WARN_ENUM_CONVERSION = YES;
				CLANG_WARN_INFINITE_RECURSION = YES;
				CLANG_WARN_INT_CONVERSION = YES;
				CLANG_WARN_NON_LITERAL_NULL_CONVERSION = YES;
				CLANG_WARN_OBJC_IMPLICIT_RETAIN_SELF = YES;
				CLANG_WARN_OBJC_LITERAL_CONVERSION = YES;
				CLANG_WARN_OBJC_ROOT_CLASS = YES_ERROR;
				CLANG_WARN_RANGE_LOOP_ANALYSIS = YES;
				CLANG_WARN_STRICT_PROTOTYPES = YES;
				CLANG_WARN_SUSPICIOUS_MOVE = YES;
				CLANG_WARN_UNGUARDED_AVAILABILITY = YES_AGGRESSIVE;
				CLANG_WARN_UNREACHABLE_CODE = YES;
				CLANG_WARN__DUPLICATE_METHOD_MATCH = YES;
				CODE_SIGN_IDENTITY = "iPhone Developer";
				COPY_PHASE_STRIP = NO;
				DEBUG_INFORMATION_FORMAT = dwarf;
				ENABLE_STRICT_OBJC_MSGSEND = YES;
				ENABLE_TESTABILITY = YES;
				GCC_C_LANGUAGE_STANDARD = gnu11;
				GCC_DYNAMIC_NO_PIC = NO;
				GCC_NO_COMMON_BLOCKS = YES;
				GCC_OPTIMIZATION_LEVEL = 0;
				GCC_PREPROCESSOR_DEFINITIONS = (
					"DEBUG=1",
					"$(inherited)",
				);
				GCC_WARN_64_TO_32_BIT_CONVERSION = YES;
				GCC_WARN_ABOUT_RETURN_TYPE = YES_ERROR;
				GCC_WARN_UNDECLARED_SELECTOR = YES;
				GCC_WARN_UNINITIALIZED_AUTOS = YES_AGGRESSIVE;
				GCC_WARN_UNUSED_FUNCTION = YES;
				GCC_WARN_UNUSED_VARIABLE = YES;
				IPHONEOS_DEPLOYMENT_TARGET = 12.2;
				MTL_ENABLE_DEBUG_INFO = INCLUDE_SOURCE;
				MTL_FAST_MATH = YES;
				ONLY_ACTIVE_ARCH = YES;
				SDKROOT = iphoneos;
			};
			name = Debug;
		};
		32EFD72022A2D2BA008D7801 /* Release */ = {
			isa = XCBuildConfiguration;
			buildSettings = {
				ALWAYS_SEARCH_USER_PATHS = NO;
				CLANG_ANALYZER_NONNULL = YES;
				CLANG_ANALYZER_NUMBER_OBJECT_CONVERSION = YES_AGGRESSIVE;
				CLANG_CXX_LANGUAGE_STANDARD = "gnu++14";
				CLANG_CXX_LIBRARY = "libc++";
				CLANG_ENABLE_MODULES = YES;
				CLANG_ENABLE_OBJC_ARC = YES;
				CLANG_ENABLE_OBJC_WEAK = YES;
				CLANG_WARN_BLOCK_CAPTURE_AUTORELEASING = YES;
				CLANG_WARN_BOOL_CONVERSION = YES;
				CLANG_WARN_COMMA = YES;
				CLANG_WARN_CONSTANT_CONVERSION = YES;
				CLANG_WARN_DEPRECATED_OBJC_IMPLEMENTATIONS = YES;
				CLANG_WARN_DIRECT_OBJC_ISA_USAGE = YES_ERROR;
				CLANG_WARN_DOCUMENTATION_COMMENTS = YES;
				CLANG_WARN_EMPTY_BODY = YES;
				CLANG_WARN_ENUM_CONVERSION = YES;
				CLANG_WARN_INFINITE_RECURSION = YES;
				CLANG_WARN_INT_CONVERSION = YES;
				CLANG_WARN_NON_LITERAL_NULL_CONVERSION = YES;
				CLANG_WARN_OBJC_IMPLICIT_RETAIN_SELF = YES;
				CLANG_WARN_OBJC_LITERAL_CONVERSION = YES;
				CLANG_WARN_OBJC_ROOT_CLASS = YES_ERROR;
				CLANG_WARN_RANGE_LOOP_ANALYSIS = YES;
				CLANG_WARN_STRICT_PROTOTYPES = YES;
				CLANG_WARN_SUSPICIOUS_MOVE = YES;
				CLANG_WARN_UNGUARDED_AVAILABILITY = YES_AGGRESSIVE;
				CLANG_WARN_UNREACHABLE_CODE = YES;
				CLANG_WARN__DUPLICATE_METHOD_MATCH = YES;
				CODE_SIGN_IDENTITY = "iPhone Developer";
				COPY_PHASE_STRIP = NO;
				DEBUG_INFORMATION_FORMAT = "dwarf-with-dsym";
				ENABLE_NS_ASSERTIONS = NO;
				ENABLE_STRICT_OBJC_MSGSEND = YES;
				GCC_C_LANGUAGE_STANDARD = gnu11;
				GCC_NO_COMMON_BLOCKS = YES;
				GCC_WARN_64_TO_32_BIT_CONVERSION = YES;
				GCC_WARN_ABOUT_RETURN_TYPE = YES_ERROR;
				GCC_WARN_UNDECLARED_SELECTOR = YES;
				GCC_WARN_UNINITIALIZED_AUTOS = YES_AGGRESSIVE;
				GCC_WARN_UNUSED_FUNCTION = YES;
				GCC_WARN_UNUSED_VARIABLE = YES;
				IPHONEOS_DEPLOYMENT_TARGET = 12.2;
				MTL_ENABLE_DEBUG_INFO = NO;
				MTL_FAST_MATH = YES;
				SDKROOT = iphoneos;
				VALIDATE_PRODUCT = YES;
			};
			name = Release;
		};
		32EFD72222A2D2BA008D7801 /* Debug */ = {
			isa = XCBuildConfiguration;
			buildSettings = {
				ASSETCATALOG_COMPILER_APPICON_NAME = AppIcon;
				CODE_SIGN_STYLE = Automatic;
				DEVELOPMENT_TEAM = X4634FD8JW;
				INFOPLIST_FILE = "image gallery/Info.plist";
				LD_RUNPATH_SEARCH_PATHS = (
					"$(inherited)",
					"@executable_path/Frameworks",
				);
				PRODUCT_BUNDLE_IDENTIFIER = "obj.c.image-gallery";
				PRODUCT_NAME = "$(TARGET_NAME)";
				TARGETED_DEVICE_FAMILY = "1,2";
			};
			name = Debug;
		};
		32EFD72322A2D2BA008D7801 /* Release */ = {
			isa = XCBuildConfiguration;
			buildSettings = {
				ASSETCATALOG_COMPILER_APPICON_NAME = AppIcon;
				CODE_SIGN_STYLE = Automatic;
				DEVELOPMENT_TEAM = X4634FD8JW;
				INFOPLIST_FILE = "image gallery/Info.plist";
				LD_RUNPATH_SEARCH_PATHS = (
					"$(inherited)",
					"@executable_path/Frameworks",
				);
				PRODUCT_BUNDLE_IDENTIFIER = "obj.c.image-gallery";
				PRODUCT_NAME = "$(TARGET_NAME)";
				TARGETED_DEVICE_FAMILY = "1,2";
			};
			name = Release;
		};
/* End XCBuildConfiguration section */

/* Begin XCConfigurationList section */
		32EFD70622A2D2B9008D7801 /* Build configuration list for PBXProject "image gallery" */ = {
			isa = XCConfigurationList;
			buildConfigurations = (
				32EFD71F22A2D2BA008D7801 /* Debug */,
				32EFD72022A2D2BA008D7801 /* Release */,
			);
			defaultConfigurationIsVisible = 0;
			defaultConfigurationName = Release;
		};
		32EFD72122A2D2BA008D7801 /* Build configuration list for PBXNativeTarget "image gallery" */ = {
			isa = XCConfigurationList;
			buildConfigurations = (
				32EFD72222A2D2BA008D7801 /* Debug */,
				32EFD72322A2D2BA008D7801 /* Release */,
			);
			defaultConfigurationIsVisible = 0;
			defaultConfigurationName = Release;
		};
/* End XCConfigurationList section */
	};
	rootObject = 32EFD70322A2D2B9008D7801 /* Project object */;
}
